
Microsoft Visual Studio Solution File, Format Version 12.00
# Visual Studio Version 16
VisualStudioVersion = 16.0.29411.108
MinimumVisualStudioVersion = 10.0.40219.1
Project("{FAE04EC0-301F-11D3-BF4B-00C04F79EFBC}") = "ConteoWIP", "ConteoWIP\ConteoWIP.csproj", "{F2CE2842-DB27-4F5A-99EA-8A489511D1B0}"
EndProject
Project("{159641D6-6404-4A2A-AE62-294DE0FE8301}") = "ImportDataToSQL", "ImportDataToSQL\ImportDataToSQL.dtproj", "{26A94A5B-D952-49F6-B9A0-85443305AFD7}"
EndProject
Global
	GlobalSection(SolutionConfigurationPlatforms) = preSolution
		Debug|Any CPU = Debug|Any CPU
		Development|Any CPU = Development|Any CPU
		Release|Any CPU = Release|Any CPU
	EndGlobalSection
	GlobalSection(ProjectConfigurationPlatforms) = postSolution
		{F2CE2842-DB27-4F5A-99EA-8A489511D1B0}.Debug|Any CPU.ActiveCfg = Debug|Any CPU
		{F2CE2842-DB27-4F5A-99EA-8A489511D1B0}.Debug|Any CPU.Build.0 = Debug|Any CPU
		{F2CE2842-DB27-4F5A-99EA-8A489511D1B0}.Development|Any CPU.ActiveCfg = Debug|Any CPU
		{F2CE2842-DB27-4F5A-99EA-8A489511D1B0}.Development|Any CPU.Build.0 = Debug|Any CPU
		{F2CE2842-DB27-4F5A-99EA-8A489511D1B0}.Release|Any CPU.ActiveCfg = Release|Any CPU
		{F2CE2842-DB27-4F5A-99EA-8A489511D1B0}.Release|Any CPU.Build.0 = Release|Any CPU
		{26A94A5B-D952-49F6-B9A0-85443305AFD7}.Debug|Any CPU.ActiveCfg = Development
		{26A94A5B-D952-49F6-B9A0-85443305AFD7}.Debug|Any CPU.Build.0 = Development
		{26A94A5B-D952-49F6-B9A0-85443305AFD7}.Development|Any CPU.ActiveCfg = Development
		{26A94A5B-D952-49F6-B9A0-85443305AFD7}.Development|Any CPU.Build.0 = Development
		{26A94A5B-D952-49F6-B9A0-85443305AFD7}.Release|Any CPU.ActiveCfg = Development
		{26A94A5B-D952-49F6-B9A0-85443305AFD7}.Release|Any CPU.Build.0 = Development
	EndGlobalSection
	GlobalSection(SolutionProperties) = preSolution
		HideSolutionNode = FALSE
	EndGlobalSection
	GlobalSection(ExtensibilityGlobals) = postSolution
		SolutionGuid = {E693D076-0E3A-4F9D-BFAB-AAEB6448ADF3}
	EndGlobalSection
EndGlobal
